{
  "nodes": {
    "flake-parts": {
      "inputs": {
        "nixpkgs-lib": [
          "nur",
          "nixpkgs"
        ]
      },
      "locked": {
        "lastModified": 1733312601,
        "narHash": "sha256-4pDvzqnegAfRkPwO3wmwBhVi/Sye1mzps0zHWYnP88c=",
        "owner": "hercules-ci",
        "repo": "flake-parts",
        "rev": "205b12d8b7cd4802fbcb8e8ef6a0f1408781a4f9",
        "type": "github"
      },
      "original": {
        "owner": "hercules-ci",
        "repo": "flake-parts",
        "type": "github"
      }
    },
    "home-manager": {
      "inputs": {
        "nixpkgs": [
          "nixpkgs"
        ]
      },
      "locked": {
        "lastModified": 1767910483,
        "narHash": "sha256-MOU5YdVu4DVwuT5ztXgQpPuRRBjSjUGIdUzOQr9iQOY=",
        "owner": "nix-community",
        "repo": "home-manager",
        "rev": "82fb7dedaad83e5e279127a38ef410bcfac6d77c",
        "type": "github"
      },
      "original": {
        "owner": "nix-community",
        "ref": "release-25.11",
        "repo": "home-manager",
        "type": "github"
      }
    },
    "ibus-bamboo": {
      "inputs": {
        "nixpkgs": "nixpkgs"
      },
      "locked": {
        "lastModified": 1754104417,
        "narHash": "sha256-y4XMWm953SEiDCxGyhOgkzYTL+Hq9QAheuPRkrnI3dI=",
        "owner": "BambooEngine",
        "repo": "ibus-bamboo",
        "rev": "b004492d53f8a69606ccfd6d480094f093a41bfd",
        "type": "github"
      },
      "original": {
        "owner": "BambooEngine",
        "repo": "ibus-bamboo",
        "type": "github"
      }
    },
    "nixpkgs": {
      "locked": {
        "lastModified": 1746232882,
        "narHash": "sha256-MHmBH2rS8KkRRdoU/feC/dKbdlMkcNkB5mwkuipVHeQ=",
        "owner": "nixos",
        "repo": "nixpkgs",
        "rev": "7a2622e2c0dbad5c4493cb268aba12896e28b008",
        "type": "github"
      },
      "original": {
        "owner": "nixos",
        "ref": "nixos-unstable",
        "repo": "nixpkgs",
        "type": "github"
      }
    },
    "nixpkgs_2": {
      "locked": {
        "lastModified": 1767799921,
        "narHash": "sha256-r4GVX+FToWVE2My8VVZH4V0pTIpnu2ZE8/Z4uxGEMBE=",
        "owner": "NixOS",
        "repo": "nixpkgs",
        "rev": "d351d0653aeb7877273920cd3e823994e7579b0b",
        "type": "github"
      },
      "original": {
        "owner": "NixOS",
        "ref": "nixos-25.11",
        "repo": "nixpkgs",
        "type": "github"
      }
    },
    "nur": {
      "inputs": {
        "flake-parts": "flake-parts",
        "nixpkgs": [
          "nixpkgs"
        ]
      },
      "locked": {
        "lastModified": 1768068131,
        "narHash": "sha256-NMrTVuPOx7ZQZWgRHA+7Pdu576Ww1raV9f/BlPYs7bE=",
        "owner": "nix-community",
        "repo": "NUR",
        "rev": "772fd3e251bc9d27907c039712cd354e0e8f415e",
        "type": "github"
      },
      "original": {
        "owner": "nix-community",
        "repo": "NUR",
        "type": "github"
      }
    },
    "root": {
      "inputs": {
        "home-manager": "home-manager",
        "ibus-bamboo": "ibus-bamboo",
        "nixpkgs": "nixpkgs_2",
        "nur": "nur"
      }
    }
  },
  "root": "root",
  "version": 7
}
