[[tools.coursier]]
version = "2.1.24"
backend = "github:coursier/coursier[exe=cs]"
"platforms.macos-arm64" = { checksum = "blake3:5c33f392eb8943ad03c7211cc323bf2647eb78544101ca3aba658f2dfb683648", url = "https://github.com/coursier/coursier/releases/download/v2.1.24/cs-aarch64-apple-darwin-sdk.zip", url_api = "https://api.github.com/repos/coursier/coursier/releases/assets/219274921"}

[[tools.fd]]
version = "10.3.0"
backend = "aqua:sharkdp/fd"

[[tools.fzf]]
version = "0.70.0"
backend = "aqua:junegunn/fzf"

[[tools.git-lfs]]
version = "3.7.1"
backend = "aqua:git-lfs/git-lfs"
"platforms.macos-arm64" = { checksum = "sha256:76260fb34f4ee622ff0a66b857e5954aa49c7e343a92e57a1ec4a760618c94b2", url = "https://github.com/git-lfs/git-lfs/releases/download/v3.7.1/git-lfs-darwin-arm64-v3.7.1.zip"}

[[tools.go]]
version = "1.26.0"
backend = "core:go"
"platforms.macos-arm64" = { checksum = "sha256:b1640525dfe68f066d56f200bef7bf4dce955a1a893bd061de6754c211431023", url = "https://dl.google.com/go/go1.26.0.darwin-arm64.tar.gz"}

[[tools.gomplate]]
version = "5.0.0"
backend = "aqua:hairyhenderson/gomplate"
"platforms.macos-arm64" = { checksum = "sha256:89187f06c3d4cf6af7ae764a9efd37c5749f77bf1238435083215f9924fa9b02", url = "https://github.com/hairyhenderson/gomplate/releases/download/v5.0.0/gomplate_darwin-arm64"}

[[tools.java]]
version = "openjdk-17.0.2"
backend = "core:java"

[[tools.jq]]
version = "1.8.1"
backend = "aqua:jqlang/jq"
"platforms.macos-arm64" = { checksum = "sha256:a9fe3ea2f86dfc72f6728417521ec9067b343277152b114f4e98d8cb0e263603", url = "https://github.com/jqlang/jq/releases/download/jq-1.8.1/jq-macos-arm64"}

[[tools.neovim]]
version = "0.11.6"
backend = "aqua:neovim/neovim"
"platforms.linux-arm64" = { checksum = "sha256:8ddc0c101846145e830b17bbca50782ca9307eee4fab539d9e2ddaf8793c06f1", url = "https://github.com/neovim/neovim/releases/download/v0.11.6/nvim-linux-arm64.tar.gz"}
"platforms.linux-x64" = { checksum = "sha256:2fc90b962327f73a78afbfb8203fd19db8db9cdf4ee5e2bef84704339add89cc", url = "https://github.com/neovim/neovim/releases/download/v0.11.6/nvim-linux-x86_64.tar.gz"}
"platforms.macos-arm64" = { checksum = "sha256:d5ee93b67630d5a87f3d336d0f7e8b2fe6973aa653d3cc93b82b820e6538c1dd", url = "https://github.com/neovim/neovim/releases/download/v0.11.6/nvim-macos-arm64.tar.gz"}
"platforms.macos-x64" = { checksum = "sha256:6e665bb0a711cf974050e0f7183dbb696b1e7425814eb87df7cb094a49054a06", url = "https://github.com/neovim/neovim/releases/download/v0.11.6/nvim-macos-x86_64.tar.gz"}
"platforms.windows-x64" = { checksum = "sha256:90fc6d7cdf3d3388737caab1e2c554aa24b468f3a5cc38ef63857ddf1103513c", url = "https://github.com/neovim/neovim/releases/download/v0.11.6/nvim-win64.zip"}

[[tools.rg]]
version = "15.1.0"
backend = "aqua:BurntSushi/ripgrep"
"platforms.linux-arm64" = { checksum = "sha256:2b661c6ef508e902f388e9098d9c4c5aca72c87b55922d94abdba830b4dc885e", url = "https://github.com/BurntSushi/ripgrep/releases/download/15.1.0/ripgrep-15.1.0-aarch64-unknown-linux-gnu.tar.gz"}
"platforms.linux-x64" = { checksum = "sha256:1c9297be4a084eea7ecaedf93eb03d058d6faae29bbc57ecdaf5063921491599", url = "https://github.com/BurntSushi/ripgrep/releases/download/15.1.0/ripgrep-15.1.0-x86_64-unknown-linux-musl.tar.gz"}
"platforms.macos-arm64" = { checksum = "sha256:378e973289176ca0c6054054ee7f631a065874a352bf43f0fa60ef079b6ba715", url = "https://github.com/BurntSushi/ripgrep/releases/download/15.1.0/ripgrep-15.1.0-aarch64-apple-darwin.tar.gz"}
"platforms.macos-x64" = { checksum = "sha256:64811cb24e77cac3057d6c40b63ac9becf9082eedd54ca411b475b755d334882", url = "https://github.com/BurntSushi/ripgrep/releases/download/15.1.0/ripgrep-15.1.0-x86_64-apple-darwin.tar.gz"}
"platforms.windows-x64" = { checksum = "sha256:124510b94b6baa3380d051fdf4650eaa80a302c876d611e9dba0b2e18d87493a", url = "https://github.com/BurntSushi/ripgrep/releases/download/15.1.0/ripgrep-15.1.0-x86_64-pc-windows-msvc.zip"}

[[tools.sbt]]
version = "1.12.5"
backend = "asdf:sbt"

[[tools.tmux]]
version = "3.6a"
backend = "asdf:tmux"

[[tools.tree-sitter]]
version = "0.26.6"
backend = "aqua:tree-sitter/tree-sitter"
"platforms.macos-arm64" = { checksum = "sha256:8f2a04aa0c787041d4fdf82d4146a9e141df57fd3260cb6ab6e799ad398ce589", url = "https://github.com/tree-sitter/tree-sitter/releases/download/v0.26.6/tree-sitter-macos-arm64.gz"}

[[tools.yq]]
version = "4.52.4"
backend = "aqua:mikefarah/yq"
"platforms.macos-arm64" = { checksum = "sha256:6bfa43a439936644d63c70308832390c8838290d064970eaada216219c218a13", url = "https://github.com/mikefarah/yq/releases/download/v4.52.4/yq_darwin_arm64"}
